
Microsoft Visual Studio Solution File, Format Version 12.00
# Visual Studio Version 17
VisualStudioVersion = 17.8.34330.188
MinimumVisualStudioVersion = 10.0.40219.1
Project("{FAE04EC0-301F-11D3-BF4B-00C04F79EFBC}") = "csGUI", "c#GUI\csGUI.csproj", "{F42E150D-120B-4711-AFB2-CE4710739E09}"
EndProject
Global
	GlobalSection(SolutionConfigurationPlatforms) = preSolution
		Debug|Any CPU = Debug|Any CPU
		Release|Any CPU = Release|Any CPU
	EndGlobalSection
	GlobalSection(ProjectConfigurationPlatforms) = postSolution
		{F42E150D-120B-4711-AFB2-CE4710739E09}.Debug|Any CPU.ActiveCfg = Debug|Any CPU
		{F42E150D-120B-4711-AFB2-CE4710739E09}.Debug|Any CPU.Build.0 = Debug|Any CPU
		{F42E150D-120B-4711-AFB2-CE4710739E09}.Release|Any CPU.ActiveCfg = Release|Any CPU
		{F42E150D-120B-4711-AFB2-CE4710739E09}.Release|Any CPU.Build.0 = Release|Any CPU
	EndGlobalSection
	GlobalSection(SolutionProperties) = preSolution
		HideSolutionNode = FALSE
	EndGlobalSection
	GlobalSection(ExtensibilityGlobals) = postSolution
		SolutionGuid = {C0ED0871-75E8-4576-93C6-D41F8EACC69B}
	EndGlobalSection
EndGlobal
